
Microsoft Visual Studio Solution File, Format Version 12.00
# Visual Studio Version 16
VisualStudioVersion = 16.0.31613.86
MinimumVisualStudioVersion = 10.0.40219.1
Project("{FAE04EC0-301F-11D3-BF4B-00C04F79EFBC}") = "Revision", "Revision\Revision.csproj", "{4C0549BB-6805-400D-999D-387C4546B658}"
EndProject
Global
	GlobalSection(SolutionConfigurationPlatforms) = preSolution
		Debug|Any CPU = Debug|Any CPU
		Release|Any CPU = Release|Any CPU
	EndGlobalSection
	GlobalSection(ProjectConfigurationPlatforms) = postSolution
		{4C0549BB-6805-400D-999D-387C4546B658}.Debug|Any CPU.ActiveCfg = Debug|Any CPU
		{4C0549BB-6805-400D-999D-387C4546B658}.Debug|Any CPU.Build.0 = Debug|Any CPU
		{4C0549BB-6805-400D-999D-387C4546B658}.Release|Any CPU.ActiveCfg = Release|Any CPU
		{4C0549BB-6805-400D-999D-387C4546B658}.Release|Any CPU.Build.0 = Release|Any CPU
	EndGlobalSection
	GlobalSection(SolutionProperties) = preSolution
		HideSolutionNode = FALSE
	EndGlobalSection
	GlobalSection(ExtensibilityGlobals) = postSolution
		SolutionGuid = {038DAFCB-2EAD-4DD4-91C0-32EB1E5EAF2B}
	EndGlobalSection
EndGlobal
