
Microsoft Visual Studio Solution File, Format Version 12.00
# Visual Studio Version 16
VisualStudioVersion = 16.0.31613.86
MinimumVisualStudioVersion = 10.0.40219.1
Project("{FAE04EC0-301F-11D3-BF4B-00C04F79EFBC}") = "ProgrammingBasic2", "ProgrammingBasic2\ProgrammingBasic2.csproj", "{BEDF4A6E-84B0-4E48-8E34-88694762D4C2}"
EndProject
Global
	GlobalSection(SolutionConfigurationPlatforms) = preSolution
		Debug|Any CPU = Debug|Any CPU
		Release|Any CPU = Release|Any CPU
	EndGlobalSection
	GlobalSection(ProjectConfigurationPlatforms) = postSolution
		{BEDF4A6E-84B0-4E48-8E34-88694762D4C2}.Debug|Any CPU.ActiveCfg = Debug|Any CPU
		{BEDF4A6E-84B0-4E48-8E34-88694762D4C2}.Debug|Any CPU.Build.0 = Debug|Any CPU
		{BEDF4A6E-84B0-4E48-8E34-88694762D4C2}.Release|Any CPU.ActiveCfg = Release|Any CPU
		{BEDF4A6E-84B0-4E48-8E34-88694762D4C2}.Release|Any CPU.Build.0 = Release|Any CPU
	EndGlobalSection
	GlobalSection(SolutionProperties) = preSolution
		HideSolutionNode = FALSE
	EndGlobalSection
	GlobalSection(ExtensibilityGlobals) = postSolution
		SolutionGuid = {A10F92D0-E02A-43BA-8FD9-9A3B3AB82468}
	EndGlobalSection
EndGlobal
